{
  "name": "user-app",
  "version": "0.0.0",
  "lockfileVersion": 1,
  "requires": true,
  "dependencies": {
    "@angular-devkit/build-angular": {
      "version": "0.13.9",
      "resolved": "https://registry.npmjs.org/@angular-devkit/build-angular/-/build-angular-0.13.9.tgz",
      "integrity": "sha512-onh07LhdxotDFjja0KKsDWNCwgpM/ymuRr5h0e+vT4AgklP2Uioz1CpzVOgxPIKkdVdGR9QgDinVsWAmY90J8g==",
      "dev": true
    },
    "@angular/animations": {
      "version": "7.2.15",
      "resolved": "https://registry.npmjs.org/@angular/animations/-/animations-7.2.15.tgz",
      "integrity": "sha512-8oBt3HLgd2+kyJHUgsd7OzKCCss67t2sch15XNoIWlOLfxclqU+EfFE6t/vCzpT8/+lpZS6LU9ZrTnb+UBj5jg=="
    },
    "@angular/cli": {
      "version": "7.3.9",
      "resolved": "https://registry.npmjs.org/@angular/cli/-/cli-7.3.9.tgz",
      "integrity": "sha512-7oJj7CKDlFUbQav1x1CV4xKKcbt0pnxY4unKcm7Q1tVXhu8bU2bc3cDA0aJnbofcYb6TJcd/C2qHgCt78q7edA==",
      "dev": true
    },
    "@angular/common": {
      "version": "7.2.15",
      "resolved": "https://registry.npmjs.org/@angular/common/-/common-7.2.15.tgz",
      "integrity": "sha512-2b5JY2HWVHCf3D1GZjmde7jdAXSTXkYtmjLtA9tQkjOOTr80eHpNSujQqnzb97dk9VT9OjfjqTQd7K3pxZz8jw=="
    },
    "@angular/compiler": {
      "version": "7.2.15",
      "resolved": "https://registry.npmjs.org/@angular/compiler/-/compiler-7.2.15.tgz",
      "integrity": "sha512-5yb4NcLk8GuXkYf7Dcor4XkGueYp4dgihzDmMjYDUrV0NPhubKlr+SwGtLOtzgRBWJ1I2bO0S3zwa0q0OgIPOw=="
    },
    "@angular/compiler-cli": {
      "version": "7.2.15",
      "resolved": "https://registry.npmjs.org/@angular/compiler-cli/-/compiler-cli-7.2.15.tgz",
      "integrity": "sha512-+AsfyKawmj/sa+m4Pz8VSRFbCfx/3IOjAuuEjhopbyr154YpPDSu8NTbcwzq3yfbVcPwK4/4exmbQzpsndaCTg==",
      "dev": true,
      "dependencies": {
        "ansi-regex": {
          "version": "3.0.0",
          "resolved": "https://registry.npmjs.org/ansi-regex/-/ansi-regex-3.0.0.tgz",
          "integrity": "sha1-7QMXwyIGT3lGbAKWa922Bas32Zg="
        },
        "camelcase": {
          "version": "4.1.0",
          "resolved": "https://registry.npmjs.org/camelcase/-/camelcase-4.1.0.tgz",
          "integrity": "sha1-1UVjW+HjPFQmScaRc+Xeas+uNN0="
        },
        "chokidar": {
          "version": "2.1.6",
          "resolved": "https://registry.npmjs.org/chokidar/-/chokidar-2.1.6.tgz",
          "integrity": "sha512-V2jUo67OKkc6ySiRpJrjlpJKl9kDuG+Xb8VgsGzb+aEouhgS1D0weyPU4lEzdAcsCAvrih2J2BqyXqHWvVLw5g=="
        },
        "cross-spawn": {
          "version": "5.1.0",
          "resolved": "https://registry.npmjs.org/cross-spawn/-/cross-spawn-5.1.0.tgz",
          "integrity": "sha1-6L0O/uWPz/b4+UUQoKVUu/ojVEk="
        },
        "execa": {
          "version": "0.7.0",
          "resolved": "https://registry.npmjs.org/execa/-/execa-0.7.0.tgz",
          "integrity": "sha1-lEvs00zEHuMqY6n68nrVpl/Fl3c="
        },
        "is-fullwidth-code-point": {
          "version": "2.0.0",
          "resolved": "https://registry.npmjs.org/is-fullwidth-code-point/-/is-fullwidth-code-point-2.0.0.tgz",
          "integrity": "sha1-o7MKXE8ZkYMWeqq5O+764937ZU8="
        },
        "load-json-file": {
          "version": "2.0.0",
          "resolved": "https://registry.npmjs.org/load-json-file/-/load-json-file-2.0.0.tgz",
          "integrity": "sha1-eUfkIUmvgNaWy/eXvKq8/h/inKg="
        },
        "mem": {
          "version": "1.1.0",
          "resolved": "https://registry.npmjs.org/mem/-/mem-1.1.0.tgz",
          "integrity": "sha1-Xt1StIXKHZAP5kiVUFOZoN+kX3Y="
        },
        "mimic-fn": {
          "version": "1.2.0",
          "resolved": "https://registry.npmjs.org/mimic-fn/-/mimic-fn-1.2.0.tgz",
          "integrity": "sha512-jf84uxzwiuiIVKiOLpfYk7N46TSy8ubTonmneY9vrpHNAnp0QBt2BxWV9dO3/j+BoVAb+a5G6YDPW3M5HOdMWQ=="
        },
        "normalize-path": {
          "version": "3.0.0",
          "resolved": "https://registry.npmjs.org/normalize-path/-/normalize-path-3.0.0.tgz",
          "integrity": "sha512-6eZs5Ls3WtCisHWp9S2GUy8dqkpGi4BVSz3GaqiE6ezub0512ESztXUwUB6C6IKbQkY2Pnb/mD4WYojCRwcwLA=="
        },
        "os-locale": {
          "version": "2.1.0",
          "resolved": "https://registry.npmjs.org/os-locale/-/os-locale-2.1.0.tgz",
          "integrity": "sha512-3sslG3zJbEYcaC4YVAvDorjGxc7tv6KVATnLPZONiljsUncvihe9BQoVCEs0RZ1kmf4Hk9OBqlZfJZWI4GanKA=="
        },
        "path-type": {
          "version": "2.0.0",
          "resolved": "https://registry.npmjs.org/path-type/-/path-type-2.0.0.tgz",
          "integrity": "sha1-8BLMuEFbcJb8LaoQVMPXI4lZTHM="
        },
        "pify": {
          "version": "2.3.0",
          "resolved": "https://registry.npmjs.org/pify/-/pify-2.3.0.tgz",
          "integrity": "sha1-7RQaasBDqEnqWISY59yosVMw6Qw="
        },
        "read-pkg": {
          "version": "2.0.0",
          "resolved": "https://registry.npmjs.org/read-pkg/-/read-pkg-2.0.0.tgz",
          "integrity": "sha1-jvHAYjxqbbDcZxPEv6xGMysjaPg="
        },
        "read-pkg-up": {
          "version": "2.0.0",
          "resolved": "https://registry.npmjs.org/read-pkg-up/-/read-pkg-up-2.0.0.tgz",
          "integrity": "sha1-a3KoBImE4MQeeVEP1en6mbO1Sb4="
        },
        "source-map": {
          "version": "0.6.1",
          "resolved": "https://registry.npmjs.org/source-map/-/source-map-0.6.1.tgz",
          "integrity": "sha512-UjgapumWlbMhkBgzT7Ykc5YXUT46F0iKu8SGXq0bcwP5dz/h0Plj6enJqjz1Zbq2l5WaqYnrVbwWOWMyF3F47g=="
        },
        "string-width": {
          "version": "2.1.1",
          "resolved": "https://registry.npmjs.org/string-width/-/string-width-2.1.1.tgz",
          "integrity": "sha512-nOqH59deCq9SRHlxq1Aw85Jnt4w6KvLKqWVik6oA9ZklXLNIOlqg4F2yrT1MVaTjAqvVwdfeZ7w7aCvJD7ugkw=="
        },
        "strip-ansi": {
          "version": "4.0.0",
          "resolved": "https://registry.npmjs.org/strip-ansi/-/strip-ansi-4.0.0.tgz",
          "integrity": "sha1-qEeQIusaw2iocTibY1JixQXuNo8="
        },
        "strip-bom": {
          "version": "3.0.0",
          "resolved": "https://registry.npmjs.org/strip-bom/-/strip-bom-3.0.0.tgz",
          "integrity": "sha1-IzTBjpx1n3vdVv3vfprj1YjmjtM="
        },
        "which-module": {
          "version": "2.0.0",
          "resolved": "https://registry.npmjs.org/which-module/-/which-module-2.0.0.tgz",
          "integrity": "sha1-2e8H3Od7mQK4o6j6SzHD4/fm6Ho="
        },
        "y18n": {
          "version": "3.2.1",
          "resolved": "https://registry.npmjs.org/y18n/-/y18n-3.2.1.tgz",
          "integrity": "sha1-bRX7qITAhnnA136I53WegR4H+kE="
        },
        "yargs": {
          "version": "9.0.1",
          "resolved": "https://registry.npmjs.org/yargs/-/yargs-9.0.1.tgz",
          "integrity": "sha1-UqzCP+7Kw0BCB47njAwAf1CF20w="
        },
        "yargs-parser": {
          "version": "7.0.0",
          "resolved": "https://registry.npmjs.org/yargs-parser/-/yargs-parser-7.0.0.tgz",
          "integrity": "sha1-jQrELxbqVd69MyyvTEA4s+P139k="
        }
      }
    },
    "@angular/core": {
      "version": "10.2.5",
      "resolved": "https://registry.npmjs.org/@angular/core/-/core-10.2.5.tgz",
      "integrity": "sha512-krhOKNTj5XE92Rk9ASX5KmgTF72j7qT2PLVxrGEVjuUKjBY2XaK3TV0Kotq9zI3qa9WgeCrP/Njn6jlKQCCAEQ==",
      "requires": {
        "tslib": "^2.0.0"
      },
      "dependencies": {
        "tslib": {
          "version": "2.6.2",
          "resolved": "https://registry.npmjs.org/tslib/-/tslib-2.6.2.tgz",
          "integrity": "sha512-AEYxH93jGFPn/a2iVAwW87VuUIkR1FVUKB77NwMF7nBTDkDrrT/Hpt/IrCJ0QXhW27jTBDcf5ZY7w6RiqTMw2Q=="
        }
      }
    },
    "@angular/forms": {
      "version": "7.2.15",
      "resolved": "https://registry.npmjs.org/@angular/forms/-/forms-7.2.15.tgz",
      "integrity": "sha512-p0kcIQLtBBC1qeTA6M3nOuXf/k91E80FKquVM9zEsO2kDjI0oZJVfFYL2UMov5samlJOPN+t6lRHEIUa7ApPsw=="
    },
    "@angular/language-service": {
      "version": "7.2.15",
      "resolved": "https://registry.npmjs.org/@angular/language-service/-/language-service-7.2.15.tgz",
      "integrity": "sha512-Ig5Jr7mnDelaZvSbUd9YhI5am3q1ku9xelAuwvtyDKvQJeKQj3BtTagcOgWrnQBfrJ/FsA/M5Zo48ncSsV0tqQ==",
      "dev": true
    },
    "@angular/platform-browser": {
      "version": "7.2.15",
      "resolved": "https://registry.npmjs.org/@angular/platform-browser/-/platform-browser-7.2.15.tgz",
      "integrity": "sha512-aYgmPsbC9Tvp9vmKWD8voeAp4crwCay7/D6lM3ClEe2EeK934LuEXq3/uczMrFVbnIX7BBIo8fh03Tl7wbiGPw=="
    },
    "@angular/platform-browser-dynamic": {
      "version": "7.2.15",
      "resolved": "https://registry.npmjs.org/@angular/platform-browser-dynamic/-/platform-browser-dynamic-7.2.15.tgz",
      "integrity": "sha512-UL2PqhzXMD769NQ6Lh6pxlBDKvN9Qol3XLRFil80lwJ1GRW16ITeYbCamcafIH2GOyd88IhmYcbMfUQ/6q4MMQ=="
    },
    "@angular/router": {
      "version": "7.2.15",
      "resolved": "https://registry.npmjs.org/@angular/router/-/router-7.2.15.tgz",
      "integrity": "sha512-qAubRJRQanguUqJQ76J9GSZ4JFtoyhJKRmX5P23ANZJXpB6YLzF2fJmOGi+E6cV8F0tKBMEq1pjxFTisx0MXwQ=="
    },
    "@types/jasmine": {
      "version": "2.8.16",
      "resolved": "https://registry.npmjs.org/@types/jasmine/-/jasmine-2.8.16.tgz",
      "integrity": "sha512-056oRlBBp7MDzr+HoU5su099s/s7wjZ3KcHxLfv+Byqb9MwdLUvsfLgw1VS97hsh3ddxSPyQu+olHMnoVTUY6g==",
      "dev": true
    },
    "@types/jasminewd2": {
      "version": "2.0.6",
      "resolved": "https://registry.npmjs.org/@types/jasminewd2/-/jasminewd2-2.0.6.tgz",
      "integrity": "sha512-2ZOKrxb8bKRmP/po5ObYnRDgFE4i+lQiEB27bAMmtMWLgJSqlIDqlLx6S0IRorpOmOPRQ6O80NujTmQAtBkeNw==",
      "dev": true
    },
    "@types/node": {
      "version": "8.9.5",
      "resolved": "https://registry.npmjs.org/@types/node/-/node-8.9.5.tgz",
      "integrity": "sha512-jRHfWsvyMtXdbhnz5CVHxaBgnV6duZnPlQuRSo/dm/GnmikNcmZhxIES4E9OZjUmQ8C+HCl4KJux+cXN/ErGDQ==",
      "dev": true
    },
    "codelyzer": {
      "version": "4.5.0",
      "resolved": "https://registry.npmjs.org/codelyzer/-/codelyzer-4.5.0.tgz",
      "integrity": "sha512-oO6vCkjqsVrEsmh58oNlnJkRXuA30hF8cdNAQV9DytEalDwyOFRvHMnlKFzmOStNerOmPGZU9GAHnBo4tGvtiQ==",
      "dev": true,
      "dependencies": {
        "source-map": {
          "version": "0.5.7",
          "resolved": "https://registry.npmjs.org/source-map/-/source-map-0.5.7.tgz",
          "integrity": "sha1-igOdLRAh0i0eoUyA2OpGi6LvP8w="
        },
        "sprintf-js": {
          "version": "1.1.2",
          "resolved": "https://registry.npmjs.org/sprintf-js/-/sprintf-js-1.1.2.tgz",
          "integrity": "sha512-VE0SOVEHCk7Qc8ulkWw3ntAzXuqf7S2lvwQaDLRnUeIEaKNQJzV6BwmLKhOqT61aGhfUMrXeaBk+oDGCzvhcug=="
        }
      }
    },
    "core-js": {
      "version": "2.6.8",
      "resolved": "https://registry.npmjs.org/core-js/-/core-js-2.6.8.tgz",
      "integrity": "sha512-RWlREFU74TEkdXzyl1bka66O3kYp8jeTXrvJZDzVVMH8AiHUSOFpL1yfhQJ+wHocAm1m+4971W1PPzfLuCv1vg=="
    },
    "jasmine-core": {
      "version": "2.99.1",
      "resolved": "https://registry.npmjs.org/jasmine-core/-/jasmine-core-2.99.1.tgz",
      "integrity": "sha1-5kAN8ea1bhMLYcS80JPap/boyhU=",
      "dev": true
    },
    "jasmine-spec-reporter": {
      "version": "4.2.1",
      "resolved": "https://registry.npmjs.org/jasmine-spec-reporter/-/jasmine-spec-reporter-4.2.1.tgz",
      "integrity": "sha512-FZBoZu7VE5nR7Nilzy+Np8KuVIOxF4oXDPDknehCYBDE080EnlPu0afdZNmpGDBRCUBv3mj5qgqCRmk6W/K8vg==",
      "dev": true
    },
    "karma": {
      "version": "4.0.1",
      "resolved": "https://registry.npmjs.org/karma/-/karma-4.0.1.tgz",
      "integrity": "sha512-ind+4s03BqIXas7ZmraV3/kc5+mnqwCd+VDX1FndS6jxbt03kQKX2vXrWxNLuCjVYmhMwOZosAEKMM0a2q7w7A==",
      "dev": true,
      "dependencies": {
        "mime": {
          "version": "2.4.3",
          "resolved": "https://registry.npmjs.org/mime/-/mime-2.4.3.tgz",
          "integrity": "sha512-QgrPRJfE+riq5TPZMcHZOtm8c6K/yYrMbKIoRfapfiGLxS8OTeIfRhUGW5LU7MlRa52KOAGCfUNruqLrIBvWZw=="
        },
        "source-map": {
          "version": "0.6.1",
          "resolved": "https://registry.npmjs.org/source-map/-/source-map-0.6.1.tgz",
          "integrity": "sha512-UjgapumWlbMhkBgzT7Ykc5YXUT46F0iKu8SGXq0bcwP5dz/h0Plj6enJqjz1Zbq2l5WaqYnrVbwWOWMyF3F47g=="
        }
      }
    },
    "karma-chrome-launcher": {
      "version": "2.2.0",
      "resolved": "https://registry.npmjs.org/karma-chrome-launcher/-/karma-chrome-launcher-2.2.0.tgz",
      "integrity": "sha512-uf/ZVpAabDBPvdPdveyk1EPgbnloPvFFGgmRhYLTDH7gEB4nZdSBk8yTU47w1g/drLSx5uMOkjKk7IWKfWg/+w==",
      "dev": true
    },
    "karma-coverage-istanbul-reporter": {
      "version": "2.0.5",
      "resolved": "https://registry.npmjs.org/karma-coverage-istanbul-reporter/-/karma-coverage-istanbul-reporter-2.0.5.tgz",
      "integrity": "sha512-yPvAlKtY3y+rKKWbOo0CzBMVTvJEeMOgbMXuVv3yWvS8YtYKC98AU9vFF0mVBZ2RP1E9SgS90+PT6Kf14P3S4w==",
      "dev": true
    },
    "karma-jasmine": {
      "version": "1.1.2",
      "resolved": "https://registry.npmjs.org/karma-jasmine/-/karma-jasmine-1.1.2.tgz",
      "integrity": "sha1-OU8rJf+0pkS5rabyLUQ+L9CIhsM=",
      "dev": true
    },
    "karma-jasmine-html-reporter": {
      "version": "0.2.2",
      "resolved": "https://registry.npmjs.org/karma-jasmine-html-reporter/-/karma-jasmine-html-reporter-0.2.2.tgz",
      "integrity": "sha1-SKjl7xiAdhfuK14zwRlMNbQ5Ukw=",
      "dev": true
    },
    "protractor": {
      "version": "5.4.2",
      "resolved": "https://registry.npmjs.org/protractor/-/protractor-5.4.2.tgz",
      "integrity": "sha512-zlIj64Cr6IOWP7RwxVeD8O4UskLYPoyIcg0HboWJL9T79F1F0VWtKkGTr/9GN6BKL+/Q/GmM7C9kFVCfDbP5sA==",
      "dev": true,
      "dependencies": {
        "ansi-styles": {
          "version": "2.2.1",
          "resolved": "https://registry.npmjs.org/ansi-styles/-/ansi-styles-2.2.1.tgz",
          "integrity": "sha1-tDLdM1i2NM914eRmQ2gkBTPB3b4="
        },
        "chalk": {
          "version": "1.1.3",
          "resolved": "https://registry.npmjs.org/chalk/-/chalk-1.1.3.tgz",
          "integrity": "sha1-qBFcVeSnAv5NFQq9OHKCKn4J/Jg="
        },
        "del": {
          "version": "2.2.2",
          "resolved": "https://registry.npmjs.org/del/-/del-2.2.2.tgz",
          "integrity": "sha1-wSyYHQZ4RshLyvhiz/kw2Qf/0ag="
        },
        "globby": {
          "version": "5.0.0",
          "resolved": "https://registry.npmjs.org/globby/-/globby-5.0.0.tgz",
          "integrity": "sha1-69hGZ8oNuzMLmbz8aOrCvFQ3Dg0="
        },
        "pify": {
          "version": "2.3.0",
          "resolved": "https://registry.npmjs.org/pify/-/pify-2.3.0.tgz",
          "integrity": "sha1-7RQaasBDqEnqWISY59yosVMw6Qw="
        },
        "source-map": {
          "version": "0.5.7",
          "resolved": "https://registry.npmjs.org/source-map/-/source-map-0.5.7.tgz",
          "integrity": "sha1-igOdLRAh0i0eoUyA2OpGi6LvP8w="
        },
        "source-map-support": {
          "version": "0.4.18",
          "resolved": "https://registry.npmjs.org/source-map-support/-/source-map-support-0.4.18.tgz",
          "integrity": "sha512-try0/JqxPLF9nOjvSta7tVondkP5dwgyLDjVoyMDlmjugT2lRZ1OfsrYTkCd2hkDnJTKRbO/Rl3orm8vlsUzbA=="
        },
        "supports-color": {
          "version": "2.0.0",
          "resolved": "https://registry.npmjs.org/supports-color/-/supports-color-2.0.0.tgz",
          "integrity": "sha1-U10EXOa2Nj+kARcIRimZXp3zJMc="
        },
        "webdriver-manager": {
          "version": "12.1.4",
          "resolved": "https://registry.npmjs.org/webdriver-manager/-/webdriver-manager-12.1.4.tgz",
          "integrity": "sha512-aNUzdimlHSl3EotUTdE2QwP9sBUjZgWPCy8C+m1wMmF9jBDKuO/24nnpr2O25Db8dYtsjvj9drPTpSIGqRrNnQ=="
        }
      }
    },
    "rxjs": {
      "version": "6.3.3",
      "resolved": "https://registry.npmjs.org/rxjs/-/rxjs-6.3.3.tgz",
      "integrity": "sha512-JTWmoY9tWCs7zvIk/CvRjhjGaOd+OVBM987mxFo+OW66cGpdKjZcpmc74ES1sB//7Kl/PAe8+wEakuhG4pcgOw=="
    },
    "ts-node": {
      "version": "7.0.1",
      "resolved": "https://registry.npmjs.org/ts-node/-/ts-node-7.0.1.tgz",
      "integrity": "sha512-BVwVbPJRspzNh2yfslyT1PSbl5uIk03EZlb493RKHN4qej/D06n1cEhjlOJG69oFsE7OT8XjpTUcYf6pKTLMhw==",
      "dev": true
    },
    "tslib": {
      "version": "1.9.3",
      "resolved": "https://registry.npmjs.org/tslib/-/tslib-1.9.3.tgz",
      "integrity": "sha512-4krF8scpejhaOgqzBEcGM7yDIEfi0/8+8zDRZhNZZ2kjmHJ4hv3zCbQWxoJGz1iw5U0Jl0nma13xzHXcncMavQ=="
    },
    "tslint": {
      "version": "5.11.0",
      "resolved": "https://registry.npmjs.org/tslint/-/tslint-5.11.0.tgz",
      "integrity": "sha1-mPMMAurjzecAYgHkwzywi0hYHu0=",
      "dev": true
    },
    "typescript": {
      "version": "3.2.4",
      "resolved": "https://registry.npmjs.org/typescript/-/typescript-3.2.4.tgz",
      "integrity": "sha512-0RNDbSdEokBeEAkgNbxJ+BLwSManFy9TeXz8uW+48j/xhEXv1ePME60olyzw2XzUqUBNAYFeJadIqAgNqIACwg==",
      "dev": true
    },
    "zone.js": {
      "version": "0.8.29",
      "resolved": "https://registry.npmjs.org/zone.js/-/zone.js-0.8.29.tgz",
      "integrity": "sha512-mla2acNCMkWXBD+c+yeUrBUrzOxYMNFdQ6FGfigGGtEVBPJx07BQeJekjt9DmH1FtZek4E9rE1eRR9qQpxACOQ=="
    }
  }
}
